
Microsoft Visual Studio Solution File, Format Version 12.00
# Visual Studio Version 17
VisualStudioVersion = 17.13.35617.110 d17.13
MinimumVisualStudioVersion = 10.0.40219.1
Project("{FAE04EC0-301F-11D3-BF4B-00C04F79EFBC}") = "HospitalManagementSystem", "HospitalManagementSystem\HospitalManagementSystem.csproj", "{84C869A0-BE70-4C6F-84CD-95C3B4B23DA5}"
EndProject
Global
	GlobalSection(SolutionConfigurationPlatforms) = preSolution
		Debug|Any CPU = Debug|Any CPU
		Release|Any CPU = Release|Any CPU
	EndGlobalSection
	GlobalSection(ProjectConfigurationPlatforms) = postSolution
		{84C869A0-BE70-4C6F-84CD-95C3B4B23DA5}.Debug|Any CPU.ActiveCfg = Debug|Any CPU
		{84C869A0-BE70-4C6F-84CD-95C3B4B23DA5}.Debug|Any CPU.Build.0 = Debug|Any CPU
		{84C869A0-BE70-4C6F-84CD-95C3B4B23DA5}.Release|Any CPU.ActiveCfg = Release|Any CPU
		{84C869A0-BE70-4C6F-84CD-95C3B4B23DA5}.Release|Any CPU.Build.0 = Release|Any CPU
	EndGlobalSection
	GlobalSection(SolutionProperties) = preSolution
		HideSolutionNode = FALSE
	EndGlobalSection
	GlobalSection(ExtensibilityGlobals) = postSolution
		SolutionGuid = {E17FBA9E-D57F-4102-A275-BAE431C97614}
	EndGlobalSection
EndGlobal
